
Microsoft Visual Studio Solution File, Format Version 12.00
# Visual Studio Version 17
VisualStudioVersion = 17.4.33213.308
MinimumVisualStudioVersion = 10.0.40219.1
Project("{FAE04EC0-301F-11D3-BF4B-00C04F79EFBC}") = "FileUploadApplication", "FileUploadApplication\FileUploadApplication.csproj", "{BA79B312-7EBB-403F-8CF0-6B08C4DEE09C}"
EndProject
Global
	GlobalSection(SolutionConfigurationPlatforms) = preSolution
		Debug|Any CPU = Debug|Any CPU
		Release|Any CPU = Release|Any CPU
	EndGlobalSection
	GlobalSection(ProjectConfigurationPlatforms) = postSolution
		{BA79B312-7EBB-403F-8CF0-6B08C4DEE09C}.Debug|Any CPU.ActiveCfg = Debug|Any CPU
		{BA79B312-7EBB-403F-8CF0-6B08C4DEE09C}.Debug|Any CPU.Build.0 = Debug|Any CPU
		{BA79B312-7EBB-403F-8CF0-6B08C4DEE09C}.Release|Any CPU.ActiveCfg = Release|Any CPU
		{BA79B312-7EBB-403F-8CF0-6B08C4DEE09C}.Release|Any CPU.Build.0 = Release|Any CPU
	EndGlobalSection
	GlobalSection(SolutionProperties) = preSolution
		HideSolutionNode = FALSE
	EndGlobalSection
	GlobalSection(ExtensibilityGlobals) = postSolution
		SolutionGuid = {4FEE3766-9FC0-4E13-B625-0FFD3EA83A30}
	EndGlobalSection
EndGlobal
