
Microsoft Visual Studio Solution File, Format Version 12.00
# Visual Studio Version 17
VisualStudioVersion = 17.4.33213.308
MinimumVisualStudioVersion = 10.0.40219.1
Project("{FAE04EC0-301F-11D3-BF4B-00C04F79EFBC}") = "ReactCustomerLocationApi", "ReactCustomerLocationApi\ReactCustomerLocationApi.csproj", "{816B6E65-CF5F-403C-9418-A16379F677F7}"
EndProject
Global
	GlobalSection(SolutionConfigurationPlatforms) = preSolution
		Debug|Any CPU = Debug|Any CPU
		Release|Any CPU = Release|Any CPU
	EndGlobalSection
	GlobalSection(ProjectConfigurationPlatforms) = postSolution
		{816B6E65-CF5F-403C-9418-A16379F677F7}.Debug|Any CPU.ActiveCfg = Debug|Any CPU
		{816B6E65-CF5F-403C-9418-A16379F677F7}.Debug|Any CPU.Build.0 = Debug|Any CPU
		{816B6E65-CF5F-403C-9418-A16379F677F7}.Release|Any CPU.ActiveCfg = Release|Any CPU
		{816B6E65-CF5F-403C-9418-A16379F677F7}.Release|Any CPU.Build.0 = Release|Any CPU
	EndGlobalSection
	GlobalSection(SolutionProperties) = preSolution
		HideSolutionNode = FALSE
	EndGlobalSection
	GlobalSection(ExtensibilityGlobals) = postSolution
		SolutionGuid = {B49505D7-80E8-472B-ACBF-53F9CA096973}
	EndGlobalSection
EndGlobal
